
Microsoft Visual Studio Solution File, Format Version 12.00
# Visual Studio Version 16
VisualStudioVersion = 16.0.30104.148
MinimumVisualStudioVersion = 10.0.40219.1
Project("{FAE04EC0-301F-11D3-BF4B-00C04F79EFBC}") = "Futbolmenager2", "FutbolMenager\Futbolmenager2.csproj", "{93C4563A-EE55-48A2-A90D-5ACC00F59263}"
EndProject
Global
	GlobalSection(SolutionConfigurationPlatforms) = preSolution
		Debug|Any CPU = Debug|Any CPU
		Release|Any CPU = Release|Any CPU
	EndGlobalSection
	GlobalSection(ProjectConfigurationPlatforms) = postSolution
		{93C4563A-EE55-48A2-A90D-5ACC00F59263}.Debug|Any CPU.ActiveCfg = Debug|Any CPU
		{93C4563A-EE55-48A2-A90D-5ACC00F59263}.Debug|Any CPU.Build.0 = Debug|Any CPU
		{93C4563A-EE55-48A2-A90D-5ACC00F59263}.Release|Any CPU.ActiveCfg = Release|Any CPU
		{93C4563A-EE55-48A2-A90D-5ACC00F59263}.Release|Any CPU.Build.0 = Release|Any CPU
	EndGlobalSection
	GlobalSection(SolutionProperties) = preSolution
		HideSolutionNode = FALSE
	EndGlobalSection
	GlobalSection(ExtensibilityGlobals) = postSolution
		SolutionGuid = {4B15DC66-E1CA-43E5-A94B-8AAD6B2220AB}
	EndGlobalSection
EndGlobal
